
Microsoft Visual Studio Solution File, Format Version 12.00
# Visual Studio Version 17
VisualStudioVersion = 17.3.32929.385
MinimumVisualStudioVersion = 10.0.40219.1
Project("{FAE04EC0-301F-11D3-BF4B-00C04F79EFBC}") = "SantaChatBot", "SantaChatBot\SantaChatBot.csproj", "{F7930AE9-04DD-4841-8B27-E2F880947116}"
EndProject
Global
	GlobalSection(SolutionConfigurationPlatforms) = preSolution
		Debug|Any CPU = Debug|Any CPU
		Release|Any CPU = Release|Any CPU
	EndGlobalSection
	GlobalSection(ProjectConfigurationPlatforms) = postSolution
		{F7930AE9-04DD-4841-8B27-E2F880947116}.Debug|Any CPU.ActiveCfg = Debug|Any CPU
		{F7930AE9-04DD-4841-8B27-E2F880947116}.Debug|Any CPU.Build.0 = Debug|Any CPU
		{F7930AE9-04DD-4841-8B27-E2F880947116}.Release|Any CPU.ActiveCfg = Release|Any CPU
		{F7930AE9-04DD-4841-8B27-E2F880947116}.Release|Any CPU.Build.0 = Release|Any CPU
	EndGlobalSection
	GlobalSection(SolutionProperties) = preSolution
		HideSolutionNode = FALSE
	EndGlobalSection
	GlobalSection(ExtensibilityGlobals) = postSolution
		SolutionGuid = {62B87A5F-80D3-48C3-8113-FDDE5437D98C}
	EndGlobalSection
EndGlobal
